
Microsoft Visual Studio Solution File, Format Version 12.00
# Visual Studio Version 17
VisualStudioVersion = 17.9.34728.123
MinimumVisualStudioVersion = 10.0.40219.1
Project("{9A19103F-16F7-4668-BE54-9A1E7A4F7556}") = "CoreProject", "CoreProject\CoreProject.csproj", "{5A6E7B9A-D574-4DC3-9C5A-4ADAC4B463BD}"
EndProject
Project("{9A19103F-16F7-4668-BE54-9A1E7A4F7556}") = "EntityLayer", "EntityLayer\EntityLayer.csproj", "{DB56019C-1FDF-4943-923B-F456FB4C75C7}"
EndProject
Project("{9A19103F-16F7-4668-BE54-9A1E7A4F7556}") = "DataAccessLayer", "DataAccessLayer\DataAccessLayer.csproj", "{B2F7494A-53BE-40EC-A94B-CC974F4C2C5C}"
EndProject
Project("{9A19103F-16F7-4668-BE54-9A1E7A4F7556}") = "BusinessLayer", "BusinessLayer\BusinessLayer.csproj", "{9DBF4995-7E3D-4F2C-88B6-7D0C431BDBD0}"
EndProject
Project("{9A19103F-16F7-4668-BE54-9A1E7A4F7556}") = "CoreLayer", "CoreLayer\CoreLayer.csproj", "{EA68E4E5-8DD5-4A69-B993-BDC860DFADF7}"
EndProject
Global
	GlobalSection(SolutionConfigurationPlatforms) = preSolution
		Debug|Any CPU = Debug|Any CPU
		Release|Any CPU = Release|Any CPU
	EndGlobalSection
	GlobalSection(ProjectConfigurationPlatforms) = postSolution
		{5A6E7B9A-D574-4DC3-9C5A-4ADAC4B463BD}.Debug|Any CPU.ActiveCfg = Debug|Any CPU
		{5A6E7B9A-D574-4DC3-9C5A-4ADAC4B463BD}.Debug|Any CPU.Build.0 = Debug|Any CPU
		{5A6E7B9A-D574-4DC3-9C5A-4ADAC4B463BD}.Release|Any CPU.ActiveCfg = Release|Any CPU
		{5A6E7B9A-D574-4DC3-9C5A-4ADAC4B463BD}.Release|Any CPU.Build.0 = Release|Any CPU
		{DB56019C-1FDF-4943-923B-F456FB4C75C7}.Debug|Any CPU.ActiveCfg = Debug|Any CPU
		{DB56019C-1FDF-4943-923B-F456FB4C75C7}.Debug|Any CPU.Build.0 = Debug|Any CPU
		{DB56019C-1FDF-4943-923B-F456FB4C75C7}.Release|Any CPU.ActiveCfg = Release|Any CPU
		{DB56019C-1FDF-4943-923B-F456FB4C75C7}.Release|Any CPU.Build.0 = Release|Any CPU
		{B2F7494A-53BE-40EC-A94B-CC974F4C2C5C}.Debug|Any CPU.ActiveCfg = Debug|Any CPU
		{B2F7494A-53BE-40EC-A94B-CC974F4C2C5C}.Debug|Any CPU.Build.0 = Debug|Any CPU
		{B2F7494A-53BE-40EC-A94B-CC974F4C2C5C}.Release|Any CPU.ActiveCfg = Release|Any CPU
		{B2F7494A-53BE-40EC-A94B-CC974F4C2C5C}.Release|Any CPU.Build.0 = Release|Any CPU
		{9DBF4995-7E3D-4F2C-88B6-7D0C431BDBD0}.Debug|Any CPU.ActiveCfg = Debug|Any CPU
		{9DBF4995-7E3D-4F2C-88B6-7D0C431BDBD0}.Debug|Any CPU.Build.0 = Debug|Any CPU
		{9DBF4995-7E3D-4F2C-88B6-7D0C431BDBD0}.Release|Any CPU.ActiveCfg = Release|Any CPU
		{9DBF4995-7E3D-4F2C-88B6-7D0C431BDBD0}.Release|Any CPU.Build.0 = Release|Any CPU
		{EA68E4E5-8DD5-4A69-B993-BDC860DFADF7}.Debug|Any CPU.ActiveCfg = Debug|Any CPU
		{EA68E4E5-8DD5-4A69-B993-BDC860DFADF7}.Debug|Any CPU.Build.0 = Debug|Any CPU
		{EA68E4E5-8DD5-4A69-B993-BDC860DFADF7}.Release|Any CPU.ActiveCfg = Release|Any CPU
		{EA68E4E5-8DD5-4A69-B993-BDC860DFADF7}.Release|Any CPU.Build.0 = Release|Any CPU
	EndGlobalSection
	GlobalSection(SolutionProperties) = preSolution
		HideSolutionNode = FALSE
	EndGlobalSection
	GlobalSection(ExtensibilityGlobals) = postSolution
		SolutionGuid = {BE054B82-9B73-4D07-9586-01E4C01774AB}
	EndGlobalSection
EndGlobal
